
Microsoft Visual Studio Solution File, Format Version 12.00
# Visual Studio Version 16
VisualStudioVersion = 16.0.29709.97
MinimumVisualStudioVersion = 10.0.40219.1
Project("{9A19103F-16F7-4668-BE54-9A1E7A4F7556}") = "CompanyProvider.API", "CompanyProvider.API\CompanyProvider.API.csproj", "{13220638-B838-45B4-8008-4825A30DAEEC}"
EndProject
Project("{9A19103F-16F7-4668-BE54-9A1E7A4F7556}") = "CompanyProvider.Domain", "CompanyProvider.Domain\CompanyProvider.Domain.csproj", "{ADC62EAF-B010-40AE-9690-5A30FC5EC8DD}"
EndProject
Project("{9A19103F-16F7-4668-BE54-9A1E7A4F7556}") = "CompanyProvider.Infrastructure", "CompanyProvider.Infrastructure\CompanyProvider.Infrastructure.csproj", "{21C9218B-70A0-4652-9667-26A6B51C68FC}"
EndProject
Project("{9A19103F-16F7-4668-BE54-9A1E7A4F7556}") = "CompanyProvider.Service", "CompanyProvider.Service\CompanyProvider.Service.csproj", "{4DBBD81A-91BD-4CEB-AA9E-D0F6A31860D6}"
EndProject
Project("{9A19103F-16F7-4668-BE54-9A1E7A4F7556}") = "CompanyProvider.Test", "CompanyProvider.Test\CompanyProvider.Test.csproj", "{742E52B4-CD6E-48A1-AB11-052E7EABF5C0}"
EndProject
Global
	GlobalSection(SolutionConfigurationPlatforms) = preSolution
		Debug|Any CPU = Debug|Any CPU
		Release|Any CPU = Release|Any CPU
	EndGlobalSection
	GlobalSection(ProjectConfigurationPlatforms) = postSolution
		{13220638-B838-45B4-8008-4825A30DAEEC}.Debug|Any CPU.ActiveCfg = Debug|Any CPU
		{13220638-B838-45B4-8008-4825A30DAEEC}.Debug|Any CPU.Build.0 = Debug|Any CPU
		{13220638-B838-45B4-8008-4825A30DAEEC}.Release|Any CPU.ActiveCfg = Release|Any CPU
		{13220638-B838-45B4-8008-4825A30DAEEC}.Release|Any CPU.Build.0 = Release|Any CPU
		{ADC62EAF-B010-40AE-9690-5A30FC5EC8DD}.Debug|Any CPU.ActiveCfg = Debug|Any CPU
		{ADC62EAF-B010-40AE-9690-5A30FC5EC8DD}.Debug|Any CPU.Build.0 = Debug|Any CPU
		{ADC62EAF-B010-40AE-9690-5A30FC5EC8DD}.Release|Any CPU.ActiveCfg = Release|Any CPU
		{ADC62EAF-B010-40AE-9690-5A30FC5EC8DD}.Release|Any CPU.Build.0 = Release|Any CPU
		{21C9218B-70A0-4652-9667-26A6B51C68FC}.Debug|Any CPU.ActiveCfg = Debug|Any CPU
		{21C9218B-70A0-4652-9667-26A6B51C68FC}.Debug|Any CPU.Build.0 = Debug|Any CPU
		{21C9218B-70A0-4652-9667-26A6B51C68FC}.Release|Any CPU.ActiveCfg = Release|Any CPU
		{21C9218B-70A0-4652-9667-26A6B51C68FC}.Release|Any CPU.Build.0 = Release|Any CPU
		{4DBBD81A-91BD-4CEB-AA9E-D0F6A31860D6}.Debug|Any CPU.ActiveCfg = Debug|Any CPU
		{4DBBD81A-91BD-4CEB-AA9E-D0F6A31860D6}.Debug|Any CPU.Build.0 = Debug|Any CPU
		{4DBBD81A-91BD-4CEB-AA9E-D0F6A31860D6}.Release|Any CPU.ActiveCfg = Release|Any CPU
		{4DBBD81A-91BD-4CEB-AA9E-D0F6A31860D6}.Release|Any CPU.Build.0 = Release|Any CPU
		{742E52B4-CD6E-48A1-AB11-052E7EABF5C0}.Debug|Any CPU.ActiveCfg = Debug|Any CPU
		{742E52B4-CD6E-48A1-AB11-052E7EABF5C0}.Debug|Any CPU.Build.0 = Debug|Any CPU
		{742E52B4-CD6E-48A1-AB11-052E7EABF5C0}.Release|Any CPU.ActiveCfg = Release|Any CPU
		{742E52B4-CD6E-48A1-AB11-052E7EABF5C0}.Release|Any CPU.Build.0 = Release|Any CPU
	EndGlobalSection
	GlobalSection(SolutionProperties) = preSolution
		HideSolutionNode = FALSE
	EndGlobalSection
	GlobalSection(ExtensibilityGlobals) = postSolution
		SolutionGuid = {0E3F3104-C7FB-4799-B1A1-8A4E191E6EA3}
	EndGlobalSection
EndGlobal
